
Microsoft Visual Studio Solution File, Format Version 12.00
# Visual Studio 15
VisualStudioVersion = 15.0.28307.329
MinimumVisualStudioVersion = 10.0.40219.1
Project("{FAE04EC0-301F-11D3-BF4B-00C04F79EFBC}") = "Elevator", "Elevator\Elevator.csproj", "{76CC8DBB-31D4-4998-A4B7-043A9E54857E}"
EndProject
Global
	GlobalSection(SolutionConfigurationPlatforms) = preSolution
		Debug|Any CPU = Debug|Any CPU
		Release|Any CPU = Release|Any CPU
	EndGlobalSection
	GlobalSection(ProjectConfigurationPlatforms) = postSolution
		{76CC8DBB-31D4-4998-A4B7-043A9E54857E}.Debug|Any CPU.ActiveCfg = Debug|Any CPU
		{76CC8DBB-31D4-4998-A4B7-043A9E54857E}.Debug|Any CPU.Build.0 = Debug|Any CPU
		{76CC8DBB-31D4-4998-A4B7-043A9E54857E}.Release|Any CPU.ActiveCfg = Release|Any CPU
		{76CC8DBB-31D4-4998-A4B7-043A9E54857E}.Release|Any CPU.Build.0 = Release|Any CPU
	EndGlobalSection
	GlobalSection(SolutionProperties) = preSolution
		HideSolutionNode = FALSE
	EndGlobalSection
	GlobalSection(ExtensibilityGlobals) = postSolution
		SolutionGuid = {B255350A-D2C2-4B00-B069-59E2B9F067CA}
	EndGlobalSection
EndGlobal
