
Microsoft Visual Studio Solution File, Format Version 12.00
# Visual Studio 15
VisualStudioVersion = 15.0.28307.329
MinimumVisualStudioVersion = 10.0.40219.1
Project("{FAE04EC0-301F-11D3-BF4B-00C04F79EFBC}") = "MatchFullName", "MatchFullName\MatchFullName.csproj", "{2924BEB9-ED59-4833-BE28-E2D53A4B5CF1}"
EndProject
Global
	GlobalSection(SolutionConfigurationPlatforms) = preSolution
		Debug|Any CPU = Debug|Any CPU
		Release|Any CPU = Release|Any CPU
	EndGlobalSection
	GlobalSection(ProjectConfigurationPlatforms) = postSolution
		{2924BEB9-ED59-4833-BE28-E2D53A4B5CF1}.Debug|Any CPU.ActiveCfg = Debug|Any CPU
		{2924BEB9-ED59-4833-BE28-E2D53A4B5CF1}.Debug|Any CPU.Build.0 = Debug|Any CPU
		{2924BEB9-ED59-4833-BE28-E2D53A4B5CF1}.Release|Any CPU.ActiveCfg = Release|Any CPU
		{2924BEB9-ED59-4833-BE28-E2D53A4B5CF1}.Release|Any CPU.Build.0 = Release|Any CPU
	EndGlobalSection
	GlobalSection(SolutionProperties) = preSolution
		HideSolutionNode = FALSE
	EndGlobalSection
	GlobalSection(ExtensibilityGlobals) = postSolution
		SolutionGuid = {4239B5D9-FF10-4B29-A5C7-9EAB63FC1E1F}
	EndGlobalSection
EndGlobal
