
Microsoft Visual Studio Solution File, Format Version 12.00
# Visual Studio Version 16
VisualStudioVersion = 16.0.29709.97
MinimumVisualStudioVersion = 10.0.40219.1
Project("{FAE04EC0-301F-11D3-BF4B-00C04F79EFBC}") = "CountSameValuesinArray", "CountSameValuesinArray.csproj", "{0D0326F6-B20B-4BFF-8AC9-63DDE6A0EB85}"
EndProject
Global
	GlobalSection(SolutionConfigurationPlatforms) = preSolution
		Debug|Any CPU = Debug|Any CPU
		Release|Any CPU = Release|Any CPU
	EndGlobalSection
	GlobalSection(ProjectConfigurationPlatforms) = postSolution
		{0D0326F6-B20B-4BFF-8AC9-63DDE6A0EB85}.Debug|Any CPU.ActiveCfg = Debug|Any CPU
		{0D0326F6-B20B-4BFF-8AC9-63DDE6A0EB85}.Debug|Any CPU.Build.0 = Debug|Any CPU
		{0D0326F6-B20B-4BFF-8AC9-63DDE6A0EB85}.Release|Any CPU.ActiveCfg = Release|Any CPU
		{0D0326F6-B20B-4BFF-8AC9-63DDE6A0EB85}.Release|Any CPU.Build.0 = Release|Any CPU
	EndGlobalSection
	GlobalSection(SolutionProperties) = preSolution
		HideSolutionNode = FALSE
	EndGlobalSection
	GlobalSection(ExtensibilityGlobals) = postSolution
		SolutionGuid = {AC34F080-1B7D-4CC9-9854-D4D90245D3C6}
	EndGlobalSection
EndGlobal
