
Microsoft Visual Studio Solution File, Format Version 12.00
# Visual Studio 15
VisualStudioVersion = 15.0.28307.329
MinimumVisualStudioVersion = 10.0.40219.1
Project("{FAE04EC0-301F-11D3-BF4B-00C04F79EFBC}") = "CompanyUsers", "CompanyUsers\CompanyUsers.csproj", "{BE853FA1-49E1-40E9-B7E3-946DF8B5D1A5}"
EndProject
Global
	GlobalSection(SolutionConfigurationPlatforms) = preSolution
		Debug|Any CPU = Debug|Any CPU
		Release|Any CPU = Release|Any CPU
	EndGlobalSection
	GlobalSection(ProjectConfigurationPlatforms) = postSolution
		{BE853FA1-49E1-40E9-B7E3-946DF8B5D1A5}.Debug|Any CPU.ActiveCfg = Debug|Any CPU
		{BE853FA1-49E1-40E9-B7E3-946DF8B5D1A5}.Debug|Any CPU.Build.0 = Debug|Any CPU
		{BE853FA1-49E1-40E9-B7E3-946DF8B5D1A5}.Release|Any CPU.ActiveCfg = Release|Any CPU
		{BE853FA1-49E1-40E9-B7E3-946DF8B5D1A5}.Release|Any CPU.Build.0 = Release|Any CPU
	EndGlobalSection
	GlobalSection(SolutionProperties) = preSolution
		HideSolutionNode = FALSE
	EndGlobalSection
	GlobalSection(ExtensibilityGlobals) = postSolution
		SolutionGuid = {EF188693-1869-4566-B9B1-1055A9F562F1}
	EndGlobalSection
EndGlobal
