
Microsoft Visual Studio Solution File, Format Version 12.00
# Visual Studio 15
VisualStudioVersion = 15.0.28307.329
MinimumVisualStudioVersion = 10.0.40219.1
Project("{FAE04EC0-301F-11D3-BF4B-00C04F79EFBC}") = "MultiplyBigNumbers", "MultiplyBigNumbers\MultiplyBigNumbers.csproj", "{D9D6E94B-05FF-48D0-80AE-8AFCA7F572A1}"
EndProject
Global
	GlobalSection(SolutionConfigurationPlatforms) = preSolution
		Debug|Any CPU = Debug|Any CPU
		Release|Any CPU = Release|Any CPU
	EndGlobalSection
	GlobalSection(ProjectConfigurationPlatforms) = postSolution
		{D9D6E94B-05FF-48D0-80AE-8AFCA7F572A1}.Debug|Any CPU.ActiveCfg = Debug|Any CPU
		{D9D6E94B-05FF-48D0-80AE-8AFCA7F572A1}.Debug|Any CPU.Build.0 = Debug|Any CPU
		{D9D6E94B-05FF-48D0-80AE-8AFCA7F572A1}.Release|Any CPU.ActiveCfg = Release|Any CPU
		{D9D6E94B-05FF-48D0-80AE-8AFCA7F572A1}.Release|Any CPU.Build.0 = Release|Any CPU
	EndGlobalSection
	GlobalSection(SolutionProperties) = preSolution
		HideSolutionNode = FALSE
	EndGlobalSection
	GlobalSection(ExtensibilityGlobals) = postSolution
		SolutionGuid = {C5B7B8EF-DAF1-4D7D-A459-DD6D5C88C81A}
	EndGlobalSection
EndGlobal
