
Microsoft Visual Studio Solution File, Format Version 12.00
# Visual Studio 15
VisualStudioVersion = 15.0.28307.329
MinimumVisualStudioVersion = 10.0.40219.1
Project("{FAE04EC0-301F-11D3-BF4B-00C04F79EFBC}") = "MinerTask", "MinerTask\MinerTask.csproj", "{CEE30C33-C035-4BB7-B222-0B7472574E82}"
EndProject
Global
	GlobalSection(SolutionConfigurationPlatforms) = preSolution
		Debug|Any CPU = Debug|Any CPU
		Release|Any CPU = Release|Any CPU
	EndGlobalSection
	GlobalSection(ProjectConfigurationPlatforms) = postSolution
		{CEE30C33-C035-4BB7-B222-0B7472574E82}.Debug|Any CPU.ActiveCfg = Debug|Any CPU
		{CEE30C33-C035-4BB7-B222-0B7472574E82}.Debug|Any CPU.Build.0 = Debug|Any CPU
		{CEE30C33-C035-4BB7-B222-0B7472574E82}.Release|Any CPU.ActiveCfg = Release|Any CPU
		{CEE30C33-C035-4BB7-B222-0B7472574E82}.Release|Any CPU.Build.0 = Release|Any CPU
	EndGlobalSection
	GlobalSection(SolutionProperties) = preSolution
		HideSolutionNode = FALSE
	EndGlobalSection
	GlobalSection(ExtensibilityGlobals) = postSolution
		SolutionGuid = {C9E9D208-DD4C-44AC-A671-F595FA368321}
	EndGlobalSection
EndGlobal
