
Microsoft Visual Studio Solution File, Format Version 12.00
# Visual Studio Version 16
VisualStudioVersion = 16.0.29709.97
MinimumVisualStudioVersion = 10.0.40219.1
Project("{FAE04EC0-301F-11D3-BF4B-00C04F79EFBC}") = "CustomComparator", "CustomComparator.csproj", "{4FD30B22-C18B-44F8-B5A2-8446B58C2B5B}"
EndProject
Global
	GlobalSection(SolutionConfigurationPlatforms) = preSolution
		Debug|Any CPU = Debug|Any CPU
		Release|Any CPU = Release|Any CPU
	EndGlobalSection
	GlobalSection(ProjectConfigurationPlatforms) = postSolution
		{4FD30B22-C18B-44F8-B5A2-8446B58C2B5B}.Debug|Any CPU.ActiveCfg = Debug|Any CPU
		{4FD30B22-C18B-44F8-B5A2-8446B58C2B5B}.Debug|Any CPU.Build.0 = Debug|Any CPU
		{4FD30B22-C18B-44F8-B5A2-8446B58C2B5B}.Release|Any CPU.ActiveCfg = Release|Any CPU
		{4FD30B22-C18B-44F8-B5A2-8446B58C2B5B}.Release|Any CPU.Build.0 = Release|Any CPU
	EndGlobalSection
	GlobalSection(SolutionProperties) = preSolution
		HideSolutionNode = FALSE
	EndGlobalSection
	GlobalSection(ExtensibilityGlobals) = postSolution
		SolutionGuid = {37D4E817-6B98-4516-A056-378E1D32EAA6}
	EndGlobalSection
EndGlobal
