
Microsoft Visual Studio Solution File, Format Version 12.00
# Visual Studio 15
VisualStudioVersion = 15.0.28307.329
MinimumVisualStudioVersion = 10.0.40219.1
Project("{FAE04EC0-301F-11D3-BF4B-00C04F79EFBC}") = "SingofIntegersMethods", "SingofIntegersMethods\SingofIntegersMethods.csproj", "{077143B0-E568-436B-A6A4-2E64D9025A20}"
EndProject
Global
	GlobalSection(SolutionConfigurationPlatforms) = preSolution
		Debug|Any CPU = Debug|Any CPU
		Release|Any CPU = Release|Any CPU
	EndGlobalSection
	GlobalSection(ProjectConfigurationPlatforms) = postSolution
		{077143B0-E568-436B-A6A4-2E64D9025A20}.Debug|Any CPU.ActiveCfg = Debug|Any CPU
		{077143B0-E568-436B-A6A4-2E64D9025A20}.Debug|Any CPU.Build.0 = Debug|Any CPU
		{077143B0-E568-436B-A6A4-2E64D9025A20}.Release|Any CPU.ActiveCfg = Release|Any CPU
		{077143B0-E568-436B-A6A4-2E64D9025A20}.Release|Any CPU.Build.0 = Release|Any CPU
	EndGlobalSection
	GlobalSection(SolutionProperties) = preSolution
		HideSolutionNode = FALSE
	EndGlobalSection
	GlobalSection(ExtensibilityGlobals) = postSolution
		SolutionGuid = {84527372-9FE1-4036-847B-8182E52F7811}
	EndGlobalSection
EndGlobal
