
Microsoft Visual Studio Solution File, Format Version 12.00
# Visual Studio Version 16
VisualStudioVersion = 16.0.29709.97
MinimumVisualStudioVersion = 10.0.40219.1
Project("{FAE04EC0-301F-11D3-BF4B-00C04F79EFBC}") = "JaggedArrayModification", "JaggedArrayModification.csproj", "{59BADFD1-3FED-4F10-B602-3D84C0C03715}"
EndProject
Global
	GlobalSection(SolutionConfigurationPlatforms) = preSolution
		Debug|Any CPU = Debug|Any CPU
		Release|Any CPU = Release|Any CPU
	EndGlobalSection
	GlobalSection(ProjectConfigurationPlatforms) = postSolution
		{59BADFD1-3FED-4F10-B602-3D84C0C03715}.Debug|Any CPU.ActiveCfg = Debug|Any CPU
		{59BADFD1-3FED-4F10-B602-3D84C0C03715}.Debug|Any CPU.Build.0 = Debug|Any CPU
		{59BADFD1-3FED-4F10-B602-3D84C0C03715}.Release|Any CPU.ActiveCfg = Release|Any CPU
		{59BADFD1-3FED-4F10-B602-3D84C0C03715}.Release|Any CPU.Build.0 = Release|Any CPU
	EndGlobalSection
	GlobalSection(SolutionProperties) = preSolution
		HideSolutionNode = FALSE
	EndGlobalSection
	GlobalSection(ExtensibilityGlobals) = postSolution
		SolutionGuid = {7139F5F7-9189-475D-99AA-27C7430F17EF}
	EndGlobalSection
EndGlobal
