
Microsoft Visual Studio Solution File, Format Version 12.00
# Visual Studio 15
VisualStudioVersion = 15.0.28307.329
MinimumVisualStudioVersion = 10.0.40219.1
Project("{FAE04EC0-301F-11D3-BF4B-00C04F79EFBC}") = "DistanceCalculator", "DistanceCalculator\DistanceCalculator.csproj", "{8B41B9BE-B158-4D8A-ABAA-206A5B10A5F2}"
EndProject
Global
	GlobalSection(SolutionConfigurationPlatforms) = preSolution
		Debug|Any CPU = Debug|Any CPU
		Release|Any CPU = Release|Any CPU
	EndGlobalSection
	GlobalSection(ProjectConfigurationPlatforms) = postSolution
		{8B41B9BE-B158-4D8A-ABAA-206A5B10A5F2}.Debug|Any CPU.ActiveCfg = Debug|Any CPU
		{8B41B9BE-B158-4D8A-ABAA-206A5B10A5F2}.Debug|Any CPU.Build.0 = Debug|Any CPU
		{8B41B9BE-B158-4D8A-ABAA-206A5B10A5F2}.Release|Any CPU.ActiveCfg = Release|Any CPU
		{8B41B9BE-B158-4D8A-ABAA-206A5B10A5F2}.Release|Any CPU.Build.0 = Release|Any CPU
	EndGlobalSection
	GlobalSection(SolutionProperties) = preSolution
		HideSolutionNode = FALSE
	EndGlobalSection
	GlobalSection(ExtensibilityGlobals) = postSolution
		SolutionGuid = {6F86DB9D-A505-4F2D-BBAD-58D12B5F5992}
	EndGlobalSection
EndGlobal
