
Microsoft Visual Studio Solution File, Format Version 12.00
# Visual Studio 15
VisualStudioVersion = 15.0.28307.329
MinimumVisualStudioVersion = 10.0.40219.1
Project("{FAE04EC0-301F-11D3-BF4B-00C04F79EFBC}") = "WordSynonyms", "WordSynonyms\WordSynonyms.csproj", "{FBFBCD9A-E439-406A-8334-769CA43BA689}"
EndProject
Global
	GlobalSection(SolutionConfigurationPlatforms) = preSolution
		Debug|Any CPU = Debug|Any CPU
		Release|Any CPU = Release|Any CPU
	EndGlobalSection
	GlobalSection(ProjectConfigurationPlatforms) = postSolution
		{FBFBCD9A-E439-406A-8334-769CA43BA689}.Debug|Any CPU.ActiveCfg = Debug|Any CPU
		{FBFBCD9A-E439-406A-8334-769CA43BA689}.Debug|Any CPU.Build.0 = Debug|Any CPU
		{FBFBCD9A-E439-406A-8334-769CA43BA689}.Release|Any CPU.ActiveCfg = Release|Any CPU
		{FBFBCD9A-E439-406A-8334-769CA43BA689}.Release|Any CPU.Build.0 = Release|Any CPU
	EndGlobalSection
	GlobalSection(SolutionProperties) = preSolution
		HideSolutionNode = FALSE
	EndGlobalSection
	GlobalSection(ExtensibilityGlobals) = postSolution
		SolutionGuid = {C1A05663-A729-4496-B79A-6391A802F872}
	EndGlobalSection
EndGlobal
