
Microsoft Visual Studio Solution File, Format Version 12.00
# Visual Studio 15
VisualStudioVersion = 15.0.28307.329
MinimumVisualStudioVersion = 10.0.40219.1
Project("{FAE04EC0-301F-11D3-BF4B-00C04F79EFBC}") = "integerOperation", "integerOperation\integerOperation.csproj", "{FFB1A18A-9B54-43E0-8DB1-7DE93D43DF9C}"
EndProject
Global
	GlobalSection(SolutionConfigurationPlatforms) = preSolution
		Debug|Any CPU = Debug|Any CPU
		Release|Any CPU = Release|Any CPU
	EndGlobalSection
	GlobalSection(ProjectConfigurationPlatforms) = postSolution
		{FFB1A18A-9B54-43E0-8DB1-7DE93D43DF9C}.Debug|Any CPU.ActiveCfg = Debug|Any CPU
		{FFB1A18A-9B54-43E0-8DB1-7DE93D43DF9C}.Debug|Any CPU.Build.0 = Debug|Any CPU
		{FFB1A18A-9B54-43E0-8DB1-7DE93D43DF9C}.Release|Any CPU.ActiveCfg = Release|Any CPU
		{FFB1A18A-9B54-43E0-8DB1-7DE93D43DF9C}.Release|Any CPU.Build.0 = Release|Any CPU
	EndGlobalSection
	GlobalSection(SolutionProperties) = preSolution
		HideSolutionNode = FALSE
	EndGlobalSection
	GlobalSection(ExtensibilityGlobals) = postSolution
		SolutionGuid = {497B4BC7-D320-43CE-9FA1-5D0F8D2A61CD}
	EndGlobalSection
EndGlobal
