
Microsoft Visual Studio Solution File, Format Version 12.00
# Visual Studio Version 16
VisualStudioVersion = 16.0.29905.134
MinimumVisualStudioVersion = 10.0.40219.1
Project("{FAE04EC0-301F-11D3-BF4B-00C04F79EFBC}") = "PersonInfo", "PersonInfo.csproj", "{FC8638BA-1382-4D04-B542-557F6AF2D63B}"
EndProject
Global
	GlobalSection(SolutionConfigurationPlatforms) = preSolution
		Debug|Any CPU = Debug|Any CPU
		Release|Any CPU = Release|Any CPU
	EndGlobalSection
	GlobalSection(ProjectConfigurationPlatforms) = postSolution
		{FC8638BA-1382-4D04-B542-557F6AF2D63B}.Debug|Any CPU.ActiveCfg = Debug|Any CPU
		{FC8638BA-1382-4D04-B542-557F6AF2D63B}.Debug|Any CPU.Build.0 = Debug|Any CPU
		{FC8638BA-1382-4D04-B542-557F6AF2D63B}.Release|Any CPU.ActiveCfg = Release|Any CPU
		{FC8638BA-1382-4D04-B542-557F6AF2D63B}.Release|Any CPU.Build.0 = Release|Any CPU
	EndGlobalSection
	GlobalSection(SolutionProperties) = preSolution
		HideSolutionNode = FALSE
	EndGlobalSection
	GlobalSection(ExtensibilityGlobals) = postSolution
		SolutionGuid = {3732F158-ECBB-44A4-B472-C52B955747B8}
	EndGlobalSection
EndGlobal
