
Microsoft Visual Studio Solution File, Format Version 12.00
# Visual Studio Version 16
VisualStudioVersion = 16.0.29709.97
MinimumVisualStudioVersion = 10.0.40219.1
Project("{FAE04EC0-301F-11D3-BF4B-00C04F79EFBC}") = "AppliedArithmetics", "AppliedArithmetics.csproj", "{CBED0FB9-DE33-4BD7-9DA8-18852C56FD00}"
EndProject
Global
	GlobalSection(SolutionConfigurationPlatforms) = preSolution
		Debug|Any CPU = Debug|Any CPU
		Release|Any CPU = Release|Any CPU
	EndGlobalSection
	GlobalSection(ProjectConfigurationPlatforms) = postSolution
		{CBED0FB9-DE33-4BD7-9DA8-18852C56FD00}.Debug|Any CPU.ActiveCfg = Debug|Any CPU
		{CBED0FB9-DE33-4BD7-9DA8-18852C56FD00}.Debug|Any CPU.Build.0 = Debug|Any CPU
		{CBED0FB9-DE33-4BD7-9DA8-18852C56FD00}.Release|Any CPU.ActiveCfg = Release|Any CPU
		{CBED0FB9-DE33-4BD7-9DA8-18852C56FD00}.Release|Any CPU.Build.0 = Release|Any CPU
	EndGlobalSection
	GlobalSection(SolutionProperties) = preSolution
		HideSolutionNode = FALSE
	EndGlobalSection
	GlobalSection(ExtensibilityGlobals) = postSolution
		SolutionGuid = {E22D72E9-9FFF-4809-9663-9213F6877CC3}
	EndGlobalSection
EndGlobal
