
Microsoft Visual Studio Solution File, Format Version 12.00
# Visual Studio 15
VisualStudioVersion = 15.0.28307.329
MinimumVisualStudioVersion = 10.0.40219.1
Project("{FAE04EC0-301F-11D3-BF4B-00C04F79EFBC}") = "StudentAcademy", "StudentAcademy\StudentAcademy.csproj", "{30B1494A-7988-45BF-A9FD-8FBDD87AE8BD}"
EndProject
Global
	GlobalSection(SolutionConfigurationPlatforms) = preSolution
		Debug|Any CPU = Debug|Any CPU
		Release|Any CPU = Release|Any CPU
	EndGlobalSection
	GlobalSection(ProjectConfigurationPlatforms) = postSolution
		{30B1494A-7988-45BF-A9FD-8FBDD87AE8BD}.Debug|Any CPU.ActiveCfg = Debug|Any CPU
		{30B1494A-7988-45BF-A9FD-8FBDD87AE8BD}.Debug|Any CPU.Build.0 = Debug|Any CPU
		{30B1494A-7988-45BF-A9FD-8FBDD87AE8BD}.Release|Any CPU.ActiveCfg = Release|Any CPU
		{30B1494A-7988-45BF-A9FD-8FBDD87AE8BD}.Release|Any CPU.Build.0 = Release|Any CPU
	EndGlobalSection
	GlobalSection(SolutionProperties) = preSolution
		HideSolutionNode = FALSE
	EndGlobalSection
	GlobalSection(ExtensibilityGlobals) = postSolution
		SolutionGuid = {EA1A6FB8-4053-4176-B106-E5AC5CF33885}
	EndGlobalSection
EndGlobal
