
Microsoft Visual Studio Solution File, Format Version 12.00
# Visual Studio 15
VisualStudioVersion = 15.0.28307.329
MinimumVisualStudioVersion = 10.0.40219.1
Project("{FAE04EC0-301F-11D3-BF4B-00C04F79EFBC}") = "TanksCollector", "TanksCollector\TanksCollector.csproj", "{4B74BF2D-BB02-4ADF-9A98-AC7ED9894265}"
EndProject
Global
	GlobalSection(SolutionConfigurationPlatforms) = preSolution
		Debug|Any CPU = Debug|Any CPU
		Release|Any CPU = Release|Any CPU
	EndGlobalSection
	GlobalSection(ProjectConfigurationPlatforms) = postSolution
		{4B74BF2D-BB02-4ADF-9A98-AC7ED9894265}.Debug|Any CPU.ActiveCfg = Debug|Any CPU
		{4B74BF2D-BB02-4ADF-9A98-AC7ED9894265}.Debug|Any CPU.Build.0 = Debug|Any CPU
		{4B74BF2D-BB02-4ADF-9A98-AC7ED9894265}.Release|Any CPU.ActiveCfg = Release|Any CPU
		{4B74BF2D-BB02-4ADF-9A98-AC7ED9894265}.Release|Any CPU.Build.0 = Release|Any CPU
	EndGlobalSection
	GlobalSection(SolutionProperties) = preSolution
		HideSolutionNode = FALSE
	EndGlobalSection
	GlobalSection(ExtensibilityGlobals) = postSolution
		SolutionGuid = {1CCE649C-933C-4DC5-BABC-48F4F7381E13}
	EndGlobalSection
EndGlobal
