
Microsoft Visual Studio Solution File, Format Version 12.00
# Visual Studio Version 16
VisualStudioVersion = 16.0.29613.14
MinimumVisualStudioVersion = 10.0.40219.1
Project("{FAE04EC0-301F-11D3-BF4B-00C04F79EFBC}") = "reverseString", "reverseString.csproj", "{59746EA3-A2D4-47C3-B1BF-783EA9315DD3}"
EndProject
Global
	GlobalSection(SolutionConfigurationPlatforms) = preSolution
		Debug|Any CPU = Debug|Any CPU
		Release|Any CPU = Release|Any CPU
	EndGlobalSection
	GlobalSection(ProjectConfigurationPlatforms) = postSolution
		{59746EA3-A2D4-47C3-B1BF-783EA9315DD3}.Debug|Any CPU.ActiveCfg = Debug|Any CPU
		{59746EA3-A2D4-47C3-B1BF-783EA9315DD3}.Debug|Any CPU.Build.0 = Debug|Any CPU
		{59746EA3-A2D4-47C3-B1BF-783EA9315DD3}.Release|Any CPU.ActiveCfg = Release|Any CPU
		{59746EA3-A2D4-47C3-B1BF-783EA9315DD3}.Release|Any CPU.Build.0 = Release|Any CPU
	EndGlobalSection
	GlobalSection(SolutionProperties) = preSolution
		HideSolutionNode = FALSE
	EndGlobalSection
	GlobalSection(ExtensibilityGlobals) = postSolution
		SolutionGuid = {25C4B912-F5B9-4C5B-9969-B9A9788AE8AC}
	EndGlobalSection
EndGlobal
