
Microsoft Visual Studio Solution File, Format Version 12.00
# Visual Studio Version 16
VisualStudioVersion = 16.0.29709.97
MinimumVisualStudioVersion = 10.0.40219.1
Project("{FAE04EC0-301F-11D3-BF4B-00C04F79EFBC}") = "PredicateParty", "PredicateParty.csproj", "{2A37F15C-F35E-4FEF-98DA-219D8588BB7A}"
EndProject
Global
	GlobalSection(SolutionConfigurationPlatforms) = preSolution
		Debug|Any CPU = Debug|Any CPU
		Release|Any CPU = Release|Any CPU
	EndGlobalSection
	GlobalSection(ProjectConfigurationPlatforms) = postSolution
		{2A37F15C-F35E-4FEF-98DA-219D8588BB7A}.Debug|Any CPU.ActiveCfg = Debug|Any CPU
		{2A37F15C-F35E-4FEF-98DA-219D8588BB7A}.Debug|Any CPU.Build.0 = Debug|Any CPU
		{2A37F15C-F35E-4FEF-98DA-219D8588BB7A}.Release|Any CPU.ActiveCfg = Release|Any CPU
		{2A37F15C-F35E-4FEF-98DA-219D8588BB7A}.Release|Any CPU.Build.0 = Release|Any CPU
	EndGlobalSection
	GlobalSection(SolutionProperties) = preSolution
		HideSolutionNode = FALSE
	EndGlobalSection
	GlobalSection(ExtensibilityGlobals) = postSolution
		SolutionGuid = {1AE24227-7E35-4F0E-B523-B215CD5F52EA}
	EndGlobalSection
EndGlobal
