
Microsoft Visual Studio Solution File, Format Version 12.00
# Visual Studio Version 16
VisualStudioVersion = 16.0.29709.97
MinimumVisualStudioVersion = 10.0.40219.1
Project("{FAE04EC0-301F-11D3-BF4B-00C04F79EFBC}") = "BalancedParentheses", "BalancedParentheses.csproj", "{83CB3CD6-33C3-42F2-9F8E-DD94FF22AE1D}"
EndProject
Global
	GlobalSection(SolutionConfigurationPlatforms) = preSolution
		Debug|Any CPU = Debug|Any CPU
		Release|Any CPU = Release|Any CPU
	EndGlobalSection
	GlobalSection(ProjectConfigurationPlatforms) = postSolution
		{83CB3CD6-33C3-42F2-9F8E-DD94FF22AE1D}.Debug|Any CPU.ActiveCfg = Debug|Any CPU
		{83CB3CD6-33C3-42F2-9F8E-DD94FF22AE1D}.Debug|Any CPU.Build.0 = Debug|Any CPU
		{83CB3CD6-33C3-42F2-9F8E-DD94FF22AE1D}.Release|Any CPU.ActiveCfg = Release|Any CPU
		{83CB3CD6-33C3-42F2-9F8E-DD94FF22AE1D}.Release|Any CPU.Build.0 = Release|Any CPU
	EndGlobalSection
	GlobalSection(SolutionProperties) = preSolution
		HideSolutionNode = FALSE
	EndGlobalSection
	GlobalSection(ExtensibilityGlobals) = postSolution
		SolutionGuid = {5E132225-DC24-4482-80AE-334C9DFD3A08}
	EndGlobalSection
EndGlobal
