
Microsoft Visual Studio Solution File, Format Version 12.00
# Visual Studio 15
VisualStudioVersion = 15.0.28307.329
MinimumVisualStudioVersion = 10.0.40219.1
Project("{FAE04EC0-301F-11D3-BF4B-00C04F79EFBC}") = "Pyramid", "Pyramid\Pyramid.csproj", "{CE39839B-2C4C-45F7-9487-9815D164052C}"
EndProject
Global
	GlobalSection(SolutionConfigurationPlatforms) = preSolution
		Debug|Any CPU = Debug|Any CPU
		Release|Any CPU = Release|Any CPU
	EndGlobalSection
	GlobalSection(ProjectConfigurationPlatforms) = postSolution
		{CE39839B-2C4C-45F7-9487-9815D164052C}.Debug|Any CPU.ActiveCfg = Debug|Any CPU
		{CE39839B-2C4C-45F7-9487-9815D164052C}.Debug|Any CPU.Build.0 = Debug|Any CPU
		{CE39839B-2C4C-45F7-9487-9815D164052C}.Release|Any CPU.ActiveCfg = Release|Any CPU
		{CE39839B-2C4C-45F7-9487-9815D164052C}.Release|Any CPU.Build.0 = Release|Any CPU
	EndGlobalSection
	GlobalSection(SolutionProperties) = preSolution
		HideSolutionNode = FALSE
	EndGlobalSection
	GlobalSection(ExtensibilityGlobals) = postSolution
		SolutionGuid = {C83FA947-BF34-45E4-B147-04F9738E9A97}
	EndGlobalSection
EndGlobal
