
Microsoft Visual Studio Solution File, Format Version 12.00
# Visual Studio 15
VisualStudioVersion = 15.0.28307.329
MinimumVisualStudioVersion = 10.0.40219.1
Project("{FAE04EC0-301F-11D3-BF4B-00C04F79EFBC}") = "Triples of Latin Letters", "Triples of Latin Letters\Triples of Latin Letters.csproj", "{2E13D9F3-72EF-413F-AA56-A440ED096E40}"
EndProject
Global
	GlobalSection(SolutionConfigurationPlatforms) = preSolution
		Debug|Any CPU = Debug|Any CPU
		Release|Any CPU = Release|Any CPU
	EndGlobalSection
	GlobalSection(ProjectConfigurationPlatforms) = postSolution
		{2E13D9F3-72EF-413F-AA56-A440ED096E40}.Debug|Any CPU.ActiveCfg = Debug|Any CPU
		{2E13D9F3-72EF-413F-AA56-A440ED096E40}.Debug|Any CPU.Build.0 = Debug|Any CPU
		{2E13D9F3-72EF-413F-AA56-A440ED096E40}.Release|Any CPU.ActiveCfg = Release|Any CPU
		{2E13D9F3-72EF-413F-AA56-A440ED096E40}.Release|Any CPU.Build.0 = Release|Any CPU
	EndGlobalSection
	GlobalSection(SolutionProperties) = preSolution
		HideSolutionNode = FALSE
	EndGlobalSection
	GlobalSection(ExtensibilityGlobals) = postSolution
		SolutionGuid = {074AAF32-EAC5-4070-B29B-27E282F62A9B}
	EndGlobalSection
EndGlobal
