
Microsoft Visual Studio Solution File, Format Version 12.00
# Visual Studio Version 16
VisualStudioVersion = 16.0.29709.97
MinimumVisualStudioVersion = 10.0.40219.1
Project("{FAE04EC0-301F-11D3-BF4B-00C04F79EFBC}") = "PeriodicTable", "PeriodicTable.csproj", "{F23D2CEA-19B0-4390-9CCD-E1B04A60AEBA}"
EndProject
Global
	GlobalSection(SolutionConfigurationPlatforms) = preSolution
		Debug|Any CPU = Debug|Any CPU
		Release|Any CPU = Release|Any CPU
	EndGlobalSection
	GlobalSection(ProjectConfigurationPlatforms) = postSolution
		{F23D2CEA-19B0-4390-9CCD-E1B04A60AEBA}.Debug|Any CPU.ActiveCfg = Debug|Any CPU
		{F23D2CEA-19B0-4390-9CCD-E1B04A60AEBA}.Debug|Any CPU.Build.0 = Debug|Any CPU
		{F23D2CEA-19B0-4390-9CCD-E1B04A60AEBA}.Release|Any CPU.ActiveCfg = Release|Any CPU
		{F23D2CEA-19B0-4390-9CCD-E1B04A60AEBA}.Release|Any CPU.Build.0 = Release|Any CPU
	EndGlobalSection
	GlobalSection(SolutionProperties) = preSolution
		HideSolutionNode = FALSE
	EndGlobalSection
	GlobalSection(ExtensibilityGlobals) = postSolution
		SolutionGuid = {B9AAD9C4-E524-45B1-AEA2-A0AA11677B6C}
	EndGlobalSection
EndGlobal
