
Microsoft Visual Studio Solution File, Format Version 12.00
# Visual Studio Version 16
VisualStudioVersion = 16.0.29709.97
MinimumVisualStudioVersion = 10.0.40219.1
Project("{FAE04EC0-301F-11D3-BF4B-00C04F79EFBC}") = "FastFood", "FastFood.csproj", "{0D999411-A235-41F5-B775-9D6225F97B06}"
EndProject
Global
	GlobalSection(SolutionConfigurationPlatforms) = preSolution
		Debug|Any CPU = Debug|Any CPU
		Release|Any CPU = Release|Any CPU
	EndGlobalSection
	GlobalSection(ProjectConfigurationPlatforms) = postSolution
		{0D999411-A235-41F5-B775-9D6225F97B06}.Debug|Any CPU.ActiveCfg = Debug|Any CPU
		{0D999411-A235-41F5-B775-9D6225F97B06}.Debug|Any CPU.Build.0 = Debug|Any CPU
		{0D999411-A235-41F5-B775-9D6225F97B06}.Release|Any CPU.ActiveCfg = Release|Any CPU
		{0D999411-A235-41F5-B775-9D6225F97B06}.Release|Any CPU.Build.0 = Release|Any CPU
	EndGlobalSection
	GlobalSection(SolutionProperties) = preSolution
		HideSolutionNode = FALSE
	EndGlobalSection
	GlobalSection(ExtensibilityGlobals) = postSolution
		SolutionGuid = {8158F9CE-EF38-46FB-9ED8-95A62FCA12D4}
	EndGlobalSection
EndGlobal
