
Microsoft Visual Studio Solution File, Format Version 12.00
# Visual Studio 15
VisualStudioVersion = 15.0.28307.329
MinimumVisualStudioVersion = 10.0.40219.1
Project("{FAE04EC0-301F-11D3-BF4B-00C04F79EFBC}") = "RepeatingStringmethods", "RepeatingStringmethods\RepeatingStringmethods.csproj", "{D6413339-4D5F-4015-AAA7-F4646E046606}"
EndProject
Global
	GlobalSection(SolutionConfigurationPlatforms) = preSolution
		Debug|Any CPU = Debug|Any CPU
		Release|Any CPU = Release|Any CPU
	EndGlobalSection
	GlobalSection(ProjectConfigurationPlatforms) = postSolution
		{D6413339-4D5F-4015-AAA7-F4646E046606}.Debug|Any CPU.ActiveCfg = Debug|Any CPU
		{D6413339-4D5F-4015-AAA7-F4646E046606}.Debug|Any CPU.Build.0 = Debug|Any CPU
		{D6413339-4D5F-4015-AAA7-F4646E046606}.Release|Any CPU.ActiveCfg = Release|Any CPU
		{D6413339-4D5F-4015-AAA7-F4646E046606}.Release|Any CPU.Build.0 = Release|Any CPU
	EndGlobalSection
	GlobalSection(SolutionProperties) = preSolution
		HideSolutionNode = FALSE
	EndGlobalSection
	GlobalSection(ExtensibilityGlobals) = postSolution
		SolutionGuid = {41FE3205-3A51-4ED1-B844-909902CB7ABE}
	EndGlobalSection
EndGlobal
