
Microsoft Visual Studio Solution File, Format Version 12.00
# Visual Studio Version 16
VisualStudioVersion = 16.0.29709.97
MinimumVisualStudioVersion = 10.0.40219.1
Project("{FAE04EC0-301F-11D3-BF4B-00C04F79EFBC}") = "SongsQueue", "SongsQueue.csproj", "{F72F3F9F-D0F4-4B41-AE47-C1978ACD421B}"
EndProject
Global
	GlobalSection(SolutionConfigurationPlatforms) = preSolution
		Debug|Any CPU = Debug|Any CPU
		Release|Any CPU = Release|Any CPU
	EndGlobalSection
	GlobalSection(ProjectConfigurationPlatforms) = postSolution
		{F72F3F9F-D0F4-4B41-AE47-C1978ACD421B}.Debug|Any CPU.ActiveCfg = Debug|Any CPU
		{F72F3F9F-D0F4-4B41-AE47-C1978ACD421B}.Debug|Any CPU.Build.0 = Debug|Any CPU
		{F72F3F9F-D0F4-4B41-AE47-C1978ACD421B}.Release|Any CPU.ActiveCfg = Release|Any CPU
		{F72F3F9F-D0F4-4B41-AE47-C1978ACD421B}.Release|Any CPU.Build.0 = Release|Any CPU
	EndGlobalSection
	GlobalSection(SolutionProperties) = preSolution
		HideSolutionNode = FALSE
	EndGlobalSection
	GlobalSection(ExtensibilityGlobals) = postSolution
		SolutionGuid = {B394173C-15A5-474B-B8FF-29070A08BF0D}
	EndGlobalSection
EndGlobal
