
Microsoft Visual Studio Solution File, Format Version 12.00
# Visual Studio 15
VisualStudioVersion = 15.0.28307.329
MinimumVisualStudioVersion = 10.0.40219.1
Project("{FAE04EC0-301F-11D3-BF4B-00C04F79EFBC}") = "Snowballs", "Snowballs\Snowballs.csproj", "{A50DB502-5605-46A5-8AA0-DBDE14D0BF7B}"
EndProject
Global
	GlobalSection(SolutionConfigurationPlatforms) = preSolution
		Debug|Any CPU = Debug|Any CPU
		Release|Any CPU = Release|Any CPU
	EndGlobalSection
	GlobalSection(ProjectConfigurationPlatforms) = postSolution
		{A50DB502-5605-46A5-8AA0-DBDE14D0BF7B}.Debug|Any CPU.ActiveCfg = Debug|Any CPU
		{A50DB502-5605-46A5-8AA0-DBDE14D0BF7B}.Debug|Any CPU.Build.0 = Debug|Any CPU
		{A50DB502-5605-46A5-8AA0-DBDE14D0BF7B}.Release|Any CPU.ActiveCfg = Release|Any CPU
		{A50DB502-5605-46A5-8AA0-DBDE14D0BF7B}.Release|Any CPU.Build.0 = Release|Any CPU
	EndGlobalSection
	GlobalSection(SolutionProperties) = preSolution
		HideSolutionNode = FALSE
	EndGlobalSection
	GlobalSection(ExtensibilityGlobals) = postSolution
		SolutionGuid = {6CDB8EA4-83D7-4F0B-A6D6-67E806780556}
	EndGlobalSection
EndGlobal
