
Microsoft Visual Studio Solution File, Format Version 12.00
# Visual Studio Version 16
VisualStudioVersion = 16.0.29709.97
MinimumVisualStudioVersion = 10.0.40219.1
Project("{FAE04EC0-301F-11D3-BF4B-00C04F79EFBC}") = "TriFunctionNNNDemo", "TriFunctionNNNDemo.csproj", "{B0664B45-3B91-4067-BF8B-E497F0E5A637}"
EndProject
Global
	GlobalSection(SolutionConfigurationPlatforms) = preSolution
		Debug|Any CPU = Debug|Any CPU
		Release|Any CPU = Release|Any CPU
	EndGlobalSection
	GlobalSection(ProjectConfigurationPlatforms) = postSolution
		{B0664B45-3B91-4067-BF8B-E497F0E5A637}.Debug|Any CPU.ActiveCfg = Debug|Any CPU
		{B0664B45-3B91-4067-BF8B-E497F0E5A637}.Debug|Any CPU.Build.0 = Debug|Any CPU
		{B0664B45-3B91-4067-BF8B-E497F0E5A637}.Release|Any CPU.ActiveCfg = Release|Any CPU
		{B0664B45-3B91-4067-BF8B-E497F0E5A637}.Release|Any CPU.Build.0 = Release|Any CPU
	EndGlobalSection
	GlobalSection(SolutionProperties) = preSolution
		HideSolutionNode = FALSE
	EndGlobalSection
	GlobalSection(ExtensibilityGlobals) = postSolution
		SolutionGuid = {9B2D5EDB-CCAA-4161-8FE9-2023FF2A6410}
	EndGlobalSection
EndGlobal
