
Microsoft Visual Studio Solution File, Format Version 12.00
# Visual Studio 15
VisualStudioVersion = 15.0.28307.329
MinimumVisualStudioVersion = 10.0.40219.1
Project("{FAE04EC0-301F-11D3-BF4B-00C04F79EFBC}") = "CountCharsinaString", "CountCharsinaString\CountCharsinaString.csproj", "{B6163056-D26B-4543-B9BB-5BC86C065F62}"
EndProject
Global
	GlobalSection(SolutionConfigurationPlatforms) = preSolution
		Debug|Any CPU = Debug|Any CPU
		Release|Any CPU = Release|Any CPU
	EndGlobalSection
	GlobalSection(ProjectConfigurationPlatforms) = postSolution
		{B6163056-D26B-4543-B9BB-5BC86C065F62}.Debug|Any CPU.ActiveCfg = Debug|Any CPU
		{B6163056-D26B-4543-B9BB-5BC86C065F62}.Debug|Any CPU.Build.0 = Debug|Any CPU
		{B6163056-D26B-4543-B9BB-5BC86C065F62}.Release|Any CPU.ActiveCfg = Release|Any CPU
		{B6163056-D26B-4543-B9BB-5BC86C065F62}.Release|Any CPU.Build.0 = Release|Any CPU
	EndGlobalSection
	GlobalSection(SolutionProperties) = preSolution
		HideSolutionNode = FALSE
	EndGlobalSection
	GlobalSection(ExtensibilityGlobals) = postSolution
		SolutionGuid = {B46FD1C6-CDA9-4AD1-8979-CEC6B268033D}
	EndGlobalSection
EndGlobal
