
Microsoft Visual Studio Solution File, Format Version 12.00
# Visual Studio 15
VisualStudioVersion = 15.0.28307.329
MinimumVisualStudioVersion = 10.0.40219.1
Project("{FAE04EC0-301F-11D3-BF4B-00C04F79EFBC}") = "WordFilter", "WordFilter\WordFilter.csproj", "{6C00A47B-3678-475F-8F18-7A9E2A61BB2B}"
EndProject
Global
	GlobalSection(SolutionConfigurationPlatforms) = preSolution
		Debug|Any CPU = Debug|Any CPU
		Release|Any CPU = Release|Any CPU
	EndGlobalSection
	GlobalSection(ProjectConfigurationPlatforms) = postSolution
		{6C00A47B-3678-475F-8F18-7A9E2A61BB2B}.Debug|Any CPU.ActiveCfg = Debug|Any CPU
		{6C00A47B-3678-475F-8F18-7A9E2A61BB2B}.Debug|Any CPU.Build.0 = Debug|Any CPU
		{6C00A47B-3678-475F-8F18-7A9E2A61BB2B}.Release|Any CPU.ActiveCfg = Release|Any CPU
		{6C00A47B-3678-475F-8F18-7A9E2A61BB2B}.Release|Any CPU.Build.0 = Release|Any CPU
	EndGlobalSection
	GlobalSection(SolutionProperties) = preSolution
		HideSolutionNode = FALSE
	EndGlobalSection
	GlobalSection(ExtensibilityGlobals) = postSolution
		SolutionGuid = {5D06D601-CBBF-491C-A1A3-738F26DF9B2F}
	EndGlobalSection
EndGlobal
