
Microsoft Visual Studio Solution File, Format Version 12.00
# Visual Studio Version 16
VisualStudioVersion = 16.0.29709.97
MinimumVisualStudioVersion = 10.0.40219.1
Project("{FAE04EC0-301F-11D3-BF4B-00C04F79EFBC}") = "JaggedArrayManipulator", "JaggedArrayManipulator.csproj", "{B13F5A0A-E60E-4407-965D-B56574C6AB5F}"
EndProject
Global
	GlobalSection(SolutionConfigurationPlatforms) = preSolution
		Debug|Any CPU = Debug|Any CPU
		Release|Any CPU = Release|Any CPU
	EndGlobalSection
	GlobalSection(ProjectConfigurationPlatforms) = postSolution
		{B13F5A0A-E60E-4407-965D-B56574C6AB5F}.Debug|Any CPU.ActiveCfg = Debug|Any CPU
		{B13F5A0A-E60E-4407-965D-B56574C6AB5F}.Debug|Any CPU.Build.0 = Debug|Any CPU
		{B13F5A0A-E60E-4407-965D-B56574C6AB5F}.Release|Any CPU.ActiveCfg = Release|Any CPU
		{B13F5A0A-E60E-4407-965D-B56574C6AB5F}.Release|Any CPU.Build.0 = Release|Any CPU
	EndGlobalSection
	GlobalSection(SolutionProperties) = preSolution
		HideSolutionNode = FALSE
	EndGlobalSection
	GlobalSection(ExtensibilityGlobals) = postSolution
		SolutionGuid = {8277ED09-003E-4EAC-ACBC-456C4621E490}
	EndGlobalSection
EndGlobal
