
Microsoft Visual Studio Solution File, Format Version 12.00
# Visual Studio 15
VisualStudioVersion = 15.0.28307.329
MinimumVisualStudioVersion = 10.0.40219.1
Project("{FAE04EC0-301F-11D3-BF4B-00C04F79EFBC}") = "Theatre Promotion", "Theatre Promotion\Theatre Promotion.csproj", "{B5EABC16-054B-4E5B-B6E2-C255B7840449}"
EndProject
Global
	GlobalSection(SolutionConfigurationPlatforms) = preSolution
		Debug|Any CPU = Debug|Any CPU
		Release|Any CPU = Release|Any CPU
	EndGlobalSection
	GlobalSection(ProjectConfigurationPlatforms) = postSolution
		{B5EABC16-054B-4E5B-B6E2-C255B7840449}.Debug|Any CPU.ActiveCfg = Debug|Any CPU
		{B5EABC16-054B-4E5B-B6E2-C255B7840449}.Debug|Any CPU.Build.0 = Debug|Any CPU
		{B5EABC16-054B-4E5B-B6E2-C255B7840449}.Release|Any CPU.ActiveCfg = Release|Any CPU
		{B5EABC16-054B-4E5B-B6E2-C255B7840449}.Release|Any CPU.Build.0 = Release|Any CPU
	EndGlobalSection
	GlobalSection(SolutionProperties) = preSolution
		HideSolutionNode = FALSE
	EndGlobalSection
	GlobalSection(ExtensibilityGlobals) = postSolution
		SolutionGuid = {42341D8A-FEB7-49AE-9AAA-90B9CF1A17FD}
	EndGlobalSection
EndGlobal
