
Microsoft Visual Studio Solution File, Format Version 12.00
# Visual Studio 15
VisualStudioVersion = 15.0.28307.329
MinimumVisualStudioVersion = 10.0.40219.1
Project("{FAE04EC0-301F-11D3-BF4B-00C04F79EFBC}") = "WaterOverflow", "WaterOverflow\WaterOverflow.csproj", "{6C04E9BF-9432-4F7B-9972-0F8BC045F3F4}"
EndProject
Global
	GlobalSection(SolutionConfigurationPlatforms) = preSolution
		Debug|Any CPU = Debug|Any CPU
		Release|Any CPU = Release|Any CPU
	EndGlobalSection
	GlobalSection(ProjectConfigurationPlatforms) = postSolution
		{6C04E9BF-9432-4F7B-9972-0F8BC045F3F4}.Debug|Any CPU.ActiveCfg = Debug|Any CPU
		{6C04E9BF-9432-4F7B-9972-0F8BC045F3F4}.Debug|Any CPU.Build.0 = Debug|Any CPU
		{6C04E9BF-9432-4F7B-9972-0F8BC045F3F4}.Release|Any CPU.ActiveCfg = Release|Any CPU
		{6C04E9BF-9432-4F7B-9972-0F8BC045F3F4}.Release|Any CPU.Build.0 = Release|Any CPU
	EndGlobalSection
	GlobalSection(SolutionProperties) = preSolution
		HideSolutionNode = FALSE
	EndGlobalSection
	GlobalSection(ExtensibilityGlobals) = postSolution
		SolutionGuid = {A03F4AFB-9DB1-41EA-ACBD-09AD5CB84A9C}
	EndGlobalSection
EndGlobal
