
Microsoft Visual Studio Solution File, Format Version 12.00
# Visual Studio 15
VisualStudioVersion = 15.0.28307.329
MinimumVisualStudioVersion = 10.0.40219.1
Project("{FAE04EC0-301F-11D3-BF4B-00C04F79EFBC}") = "BombNumbers", "BombNumbers\BombNumbers.csproj", "{929F8E34-A766-4A57-B6C7-CA07EE71A45B}"
EndProject
Global
	GlobalSection(SolutionConfigurationPlatforms) = preSolution
		Debug|Any CPU = Debug|Any CPU
		Release|Any CPU = Release|Any CPU
	EndGlobalSection
	GlobalSection(ProjectConfigurationPlatforms) = postSolution
		{929F8E34-A766-4A57-B6C7-CA07EE71A45B}.Debug|Any CPU.ActiveCfg = Debug|Any CPU
		{929F8E34-A766-4A57-B6C7-CA07EE71A45B}.Debug|Any CPU.Build.0 = Debug|Any CPU
		{929F8E34-A766-4A57-B6C7-CA07EE71A45B}.Release|Any CPU.ActiveCfg = Release|Any CPU
		{929F8E34-A766-4A57-B6C7-CA07EE71A45B}.Release|Any CPU.Build.0 = Release|Any CPU
	EndGlobalSection
	GlobalSection(SolutionProperties) = preSolution
		HideSolutionNode = FALSE
	EndGlobalSection
	GlobalSection(ExtensibilityGlobals) = postSolution
		SolutionGuid = {B662B652-85DC-4CAD-8FAB-7F152F2A7B28}
	EndGlobalSection
EndGlobal
