
Microsoft Visual Studio Solution File, Format Version 12.00
# Visual Studio 15
VisualStudioVersion = 15.0.28307.329
MinimumVisualStudioVersion = 10.0.40219.1
Project("{FAE04EC0-301F-11D3-BF4B-00C04F79EFBC}") = "Common Elements", "Common Elements\Common Elements.csproj", "{64F96CDA-391D-4E53-9FC0-1ABD66499BE2}"
EndProject
Global
	GlobalSection(SolutionConfigurationPlatforms) = preSolution
		Debug|Any CPU = Debug|Any CPU
		Release|Any CPU = Release|Any CPU
	EndGlobalSection
	GlobalSection(ProjectConfigurationPlatforms) = postSolution
		{64F96CDA-391D-4E53-9FC0-1ABD66499BE2}.Debug|Any CPU.ActiveCfg = Debug|Any CPU
		{64F96CDA-391D-4E53-9FC0-1ABD66499BE2}.Debug|Any CPU.Build.0 = Debug|Any CPU
		{64F96CDA-391D-4E53-9FC0-1ABD66499BE2}.Release|Any CPU.ActiveCfg = Release|Any CPU
		{64F96CDA-391D-4E53-9FC0-1ABD66499BE2}.Release|Any CPU.Build.0 = Release|Any CPU
	EndGlobalSection
	GlobalSection(SolutionProperties) = preSolution
		HideSolutionNode = FALSE
	EndGlobalSection
	GlobalSection(ExtensibilityGlobals) = postSolution
		SolutionGuid = {573E0AC5-8DCA-4672-9D08-CAA8C2205E08}
	EndGlobalSection
EndGlobal
