
Microsoft Visual Studio Solution File, Format Version 12.00
# Visual Studio Version 16
VisualStudioVersion = 16.0.29709.97
MinimumVisualStudioVersion = 10.0.40219.1
Project("{FAE04EC0-301F-11D3-BF4B-00C04F79EFBC}") = "ListofPredicates", "ListofPredicates.csproj", "{2EC0EDE0-63DB-487D-B187-FDB3579B2998}"
EndProject
Global
	GlobalSection(SolutionConfigurationPlatforms) = preSolution
		Debug|Any CPU = Debug|Any CPU
		Release|Any CPU = Release|Any CPU
	EndGlobalSection
	GlobalSection(ProjectConfigurationPlatforms) = postSolution
		{2EC0EDE0-63DB-487D-B187-FDB3579B2998}.Debug|Any CPU.ActiveCfg = Debug|Any CPU
		{2EC0EDE0-63DB-487D-B187-FDB3579B2998}.Debug|Any CPU.Build.0 = Debug|Any CPU
		{2EC0EDE0-63DB-487D-B187-FDB3579B2998}.Release|Any CPU.ActiveCfg = Release|Any CPU
		{2EC0EDE0-63DB-487D-B187-FDB3579B2998}.Release|Any CPU.Build.0 = Release|Any CPU
	EndGlobalSection
	GlobalSection(SolutionProperties) = preSolution
		HideSolutionNode = FALSE
	EndGlobalSection
	GlobalSection(ExtensibilityGlobals) = postSolution
		SolutionGuid = {AA41147D-A0AA-45F1-97D2-9F6153D5847D}
	EndGlobalSection
EndGlobal
