
Microsoft Visual Studio Solution File, Format Version 12.00
# Visual Studio Version 16
VisualStudioVersion = 16.0.29920.165
MinimumVisualStudioVersion = 10.0.40219.1
Project("{9A19103F-16F7-4668-BE54-9A1E7A4F7556}") = "AquaShop", "AquaShop.csproj", "{240073F6-7F04-4E34-AF5C-71221761D3E9}"
EndProject
Global
	GlobalSection(SolutionConfigurationPlatforms) = preSolution
		Debug|Any CPU = Debug|Any CPU
		Release|Any CPU = Release|Any CPU
	EndGlobalSection
	GlobalSection(ProjectConfigurationPlatforms) = postSolution
		{240073F6-7F04-4E34-AF5C-71221761D3E9}.Debug|Any CPU.ActiveCfg = Debug|Any CPU
		{240073F6-7F04-4E34-AF5C-71221761D3E9}.Debug|Any CPU.Build.0 = Debug|Any CPU
		{240073F6-7F04-4E34-AF5C-71221761D3E9}.Release|Any CPU.ActiveCfg = Release|Any CPU
		{240073F6-7F04-4E34-AF5C-71221761D3E9}.Release|Any CPU.Build.0 = Release|Any CPU
	EndGlobalSection
	GlobalSection(SolutionProperties) = preSolution
		HideSolutionNode = FALSE
	EndGlobalSection
	GlobalSection(ExtensibilityGlobals) = postSolution
		SolutionGuid = {F2252ED1-042B-4A7F-ADD4-292432363C71}
	EndGlobalSection
EndGlobal
