
Microsoft Visual Studio Solution File, Format Version 12.00
# Visual Studio Version 16
VisualStudioVersion = 16.0.29709.97
MinimumVisualStudioVersion = 10.0.40219.1
Project("{FAE04EC0-301F-11D3-BF4B-00C04F79EFBC}") = "SimpeTextEditor", "SimpeTextEditor.csproj", "{E1865372-7108-4971-9088-16C84F1AD11A}"
EndProject
Global
	GlobalSection(SolutionConfigurationPlatforms) = preSolution
		Debug|Any CPU = Debug|Any CPU
		Release|Any CPU = Release|Any CPU
	EndGlobalSection
	GlobalSection(ProjectConfigurationPlatforms) = postSolution
		{E1865372-7108-4971-9088-16C84F1AD11A}.Debug|Any CPU.ActiveCfg = Debug|Any CPU
		{E1865372-7108-4971-9088-16C84F1AD11A}.Debug|Any CPU.Build.0 = Debug|Any CPU
		{E1865372-7108-4971-9088-16C84F1AD11A}.Release|Any CPU.ActiveCfg = Release|Any CPU
		{E1865372-7108-4971-9088-16C84F1AD11A}.Release|Any CPU.Build.0 = Release|Any CPU
	EndGlobalSection
	GlobalSection(SolutionProperties) = preSolution
		HideSolutionNode = FALSE
	EndGlobalSection
	GlobalSection(ExtensibilityGlobals) = postSolution
		SolutionGuid = {3B34A99A-33BB-4067-9146-A91C91DA7C7F}
	EndGlobalSection
EndGlobal
