
Microsoft Visual Studio Solution File, Format Version 12.00
# Visual Studio 15
VisualStudioVersion = 15.0.28307.329
MinimumVisualStudioVersion = 10.0.40219.1
Project("{FAE04EC0-301F-11D3-BF4B-00C04F79EFBC}") = "OrdersMethods", "OrdersMethods\OrdersMethods.csproj", "{666BD450-9D20-4D98-A390-124AE35A398B}"
EndProject
Global
	GlobalSection(SolutionConfigurationPlatforms) = preSolution
		Debug|Any CPU = Debug|Any CPU
		Release|Any CPU = Release|Any CPU
	EndGlobalSection
	GlobalSection(ProjectConfigurationPlatforms) = postSolution
		{666BD450-9D20-4D98-A390-124AE35A398B}.Debug|Any CPU.ActiveCfg = Debug|Any CPU
		{666BD450-9D20-4D98-A390-124AE35A398B}.Debug|Any CPU.Build.0 = Debug|Any CPU
		{666BD450-9D20-4D98-A390-124AE35A398B}.Release|Any CPU.ActiveCfg = Release|Any CPU
		{666BD450-9D20-4D98-A390-124AE35A398B}.Release|Any CPU.Build.0 = Release|Any CPU
	EndGlobalSection
	GlobalSection(SolutionProperties) = preSolution
		HideSolutionNode = FALSE
	EndGlobalSection
	GlobalSection(ExtensibilityGlobals) = postSolution
		SolutionGuid = {566ACC71-B3D0-469E-A12F-3547A87C15FA}
	EndGlobalSection
EndGlobal
