
Microsoft Visual Studio Solution File, Format Version 12.00
# Visual Studio Version 16
VisualStudioVersion = 16.0.29709.97
MinimumVisualStudioVersion = 10.0.40219.1
Project("{FAE04EC0-301F-11D3-BF4B-00C04F79EFBC}") = "PascalTriangle", "PascalTriangle.csproj", "{680B35FD-A0E4-4154-9343-2ED6D351F473}"
EndProject
Global
	GlobalSection(SolutionConfigurationPlatforms) = preSolution
		Debug|Any CPU = Debug|Any CPU
		Release|Any CPU = Release|Any CPU
	EndGlobalSection
	GlobalSection(ProjectConfigurationPlatforms) = postSolution
		{680B35FD-A0E4-4154-9343-2ED6D351F473}.Debug|Any CPU.ActiveCfg = Debug|Any CPU
		{680B35FD-A0E4-4154-9343-2ED6D351F473}.Debug|Any CPU.Build.0 = Debug|Any CPU
		{680B35FD-A0E4-4154-9343-2ED6D351F473}.Release|Any CPU.ActiveCfg = Release|Any CPU
		{680B35FD-A0E4-4154-9343-2ED6D351F473}.Release|Any CPU.Build.0 = Release|Any CPU
	EndGlobalSection
	GlobalSection(SolutionProperties) = preSolution
		HideSolutionNode = FALSE
	EndGlobalSection
	GlobalSection(ExtensibilityGlobals) = postSolution
		SolutionGuid = {6BCCA38E-4D47-47A6-BA32-01BA77839FD5}
	EndGlobalSection
EndGlobal
