
Microsoft Visual Studio Solution File, Format Version 12.00
# Visual Studio 15
VisualStudioVersion = 15.0.28307.329
MinimumVisualStudioVersion = 10.0.40219.1
Project("{FAE04EC0-301F-11D3-BF4B-00C04F79EFBC}") = "PalindromeIntegers", "PalindromeIntegers\PalindromeIntegers.csproj", "{F04B7323-068C-4A6C-8D11-B48AC02F7751}"
EndProject
Global
	GlobalSection(SolutionConfigurationPlatforms) = preSolution
		Debug|Any CPU = Debug|Any CPU
		Release|Any CPU = Release|Any CPU
	EndGlobalSection
	GlobalSection(ProjectConfigurationPlatforms) = postSolution
		{F04B7323-068C-4A6C-8D11-B48AC02F7751}.Debug|Any CPU.ActiveCfg = Debug|Any CPU
		{F04B7323-068C-4A6C-8D11-B48AC02F7751}.Debug|Any CPU.Build.0 = Debug|Any CPU
		{F04B7323-068C-4A6C-8D11-B48AC02F7751}.Release|Any CPU.ActiveCfg = Release|Any CPU
		{F04B7323-068C-4A6C-8D11-B48AC02F7751}.Release|Any CPU.Build.0 = Release|Any CPU
	EndGlobalSection
	GlobalSection(SolutionProperties) = preSolution
		HideSolutionNode = FALSE
	EndGlobalSection
	GlobalSection(ExtensibilityGlobals) = postSolution
		SolutionGuid = {A19C3F19-D0B7-43CC-B864-D651BC116460}
	EndGlobalSection
EndGlobal
