
Microsoft Visual Studio Solution File, Format Version 12.00
# Visual Studio Version 16
VisualStudioVersion = 16.0.29709.97
MinimumVisualStudioVersion = 10.0.40219.1
Project("{FAE04EC0-301F-11D3-BF4B-00C04F79EFBC}") = "GenericCountMethodString", "GenericCountMethodString.csproj", "{31F6BEB4-BB0B-41E8-89A8-E329B4853875}"
EndProject
Global
	GlobalSection(SolutionConfigurationPlatforms) = preSolution
		Debug|Any CPU = Debug|Any CPU
		Release|Any CPU = Release|Any CPU
	EndGlobalSection
	GlobalSection(ProjectConfigurationPlatforms) = postSolution
		{31F6BEB4-BB0B-41E8-89A8-E329B4853875}.Debug|Any CPU.ActiveCfg = Debug|Any CPU
		{31F6BEB4-BB0B-41E8-89A8-E329B4853875}.Debug|Any CPU.Build.0 = Debug|Any CPU
		{31F6BEB4-BB0B-41E8-89A8-E329B4853875}.Release|Any CPU.ActiveCfg = Release|Any CPU
		{31F6BEB4-BB0B-41E8-89A8-E329B4853875}.Release|Any CPU.Build.0 = Release|Any CPU
	EndGlobalSection
	GlobalSection(SolutionProperties) = preSolution
		HideSolutionNode = FALSE
	EndGlobalSection
	GlobalSection(ExtensibilityGlobals) = postSolution
		SolutionGuid = {83BFEEBB-ECD4-4682-BF2C-C6D5FF907B89}
	EndGlobalSection
EndGlobal
