
Microsoft Visual Studio Solution File, Format Version 12.00
# Visual Studio 15
VisualStudioVersion = 15.0.28307.329
MinimumVisualStudioVersion = 10.0.40219.1
Project("{FAE04EC0-301F-11D3-BF4B-00C04F79EFBC}") = "Sum of Odd Number", "Sum of Odd Number\Sum of Odd Number.csproj", "{618E3FAB-79C8-48A1-B339-57038C7A15C4}"
EndProject
Global
	GlobalSection(SolutionConfigurationPlatforms) = preSolution
		Debug|Any CPU = Debug|Any CPU
		Release|Any CPU = Release|Any CPU
	EndGlobalSection
	GlobalSection(ProjectConfigurationPlatforms) = postSolution
		{618E3FAB-79C8-48A1-B339-57038C7A15C4}.Debug|Any CPU.ActiveCfg = Debug|Any CPU
		{618E3FAB-79C8-48A1-B339-57038C7A15C4}.Debug|Any CPU.Build.0 = Debug|Any CPU
		{618E3FAB-79C8-48A1-B339-57038C7A15C4}.Release|Any CPU.ActiveCfg = Release|Any CPU
		{618E3FAB-79C8-48A1-B339-57038C7A15C4}.Release|Any CPU.Build.0 = Release|Any CPU
	EndGlobalSection
	GlobalSection(SolutionProperties) = preSolution
		HideSolutionNode = FALSE
	EndGlobalSection
	GlobalSection(ExtensibilityGlobals) = postSolution
		SolutionGuid = {180D32F6-8E3A-4DBC-95B9-1CD992E7EA2F}
	EndGlobalSection
EndGlobal
