
Microsoft Visual Studio Solution File, Format Version 12.00
# Visual Studio Version 16
VisualStudioVersion = 16.0.29709.97
MinimumVisualStudioVersion = 10.0.40219.1
Project("{FAE04EC0-301F-11D3-BF4B-00C04F79EFBC}") = "CopyBinaryFile", "CopyBinaryFile.csproj", "{AB6D19C0-6E93-46BC-9AAE-49F0495C0122}"
EndProject
Global
	GlobalSection(SolutionConfigurationPlatforms) = preSolution
		Debug|Any CPU = Debug|Any CPU
		Release|Any CPU = Release|Any CPU
	EndGlobalSection
	GlobalSection(ProjectConfigurationPlatforms) = postSolution
		{AB6D19C0-6E93-46BC-9AAE-49F0495C0122}.Debug|Any CPU.ActiveCfg = Debug|Any CPU
		{AB6D19C0-6E93-46BC-9AAE-49F0495C0122}.Debug|Any CPU.Build.0 = Debug|Any CPU
		{AB6D19C0-6E93-46BC-9AAE-49F0495C0122}.Release|Any CPU.ActiveCfg = Release|Any CPU
		{AB6D19C0-6E93-46BC-9AAE-49F0495C0122}.Release|Any CPU.Build.0 = Release|Any CPU
	EndGlobalSection
	GlobalSection(SolutionProperties) = preSolution
		HideSolutionNode = FALSE
	EndGlobalSection
	GlobalSection(ExtensibilityGlobals) = postSolution
		SolutionGuid = {FEC8E45B-2183-42E7-BF1D-25CF140B8EA8}
	EndGlobalSection
EndGlobal
