
Microsoft Visual Studio Solution File, Format Version 12.00
# Visual Studio Version 16
VisualStudioVersion = 16.0.29709.97
MinimumVisualStudioVersion = 10.0.40219.1
Project("{FAE04EC0-301F-11D3-BF4B-00C04F79EFBC}") = "CarManufacturer", "CarManufacturer.csproj", "{D8452D02-612F-4C2F-B89F-C6DE6ED68D40}"
EndProject
Global
	GlobalSection(SolutionConfigurationPlatforms) = preSolution
		Debug|Any CPU = Debug|Any CPU
		Release|Any CPU = Release|Any CPU
	EndGlobalSection
	GlobalSection(ProjectConfigurationPlatforms) = postSolution
		{D8452D02-612F-4C2F-B89F-C6DE6ED68D40}.Debug|Any CPU.ActiveCfg = Debug|Any CPU
		{D8452D02-612F-4C2F-B89F-C6DE6ED68D40}.Debug|Any CPU.Build.0 = Debug|Any CPU
		{D8452D02-612F-4C2F-B89F-C6DE6ED68D40}.Release|Any CPU.ActiveCfg = Release|Any CPU
		{D8452D02-612F-4C2F-B89F-C6DE6ED68D40}.Release|Any CPU.Build.0 = Release|Any CPU
	EndGlobalSection
	GlobalSection(SolutionProperties) = preSolution
		HideSolutionNode = FALSE
	EndGlobalSection
	GlobalSection(ExtensibilityGlobals) = postSolution
		SolutionGuid = {EFFC72CB-04A7-469B-BE4B-B9266835E5AF}
	EndGlobalSection
EndGlobal
