
Microsoft Visual Studio Solution File, Format Version 12.00
# Visual Studio 15
VisualStudioVersion = 15.0.28307.329
MinimumVisualStudioVersion = 10.0.40219.1
Project("{FAE04EC0-301F-11D3-BF4B-00C04F79EFBC}") = "StringExplosion", "StringExplosion\StringExplosion.csproj", "{B21C2F86-F13E-4A92-BA88-946CA9AB5875}"
EndProject
Global
	GlobalSection(SolutionConfigurationPlatforms) = preSolution
		Debug|Any CPU = Debug|Any CPU
		Release|Any CPU = Release|Any CPU
	EndGlobalSection
	GlobalSection(ProjectConfigurationPlatforms) = postSolution
		{B21C2F86-F13E-4A92-BA88-946CA9AB5875}.Debug|Any CPU.ActiveCfg = Debug|Any CPU
		{B21C2F86-F13E-4A92-BA88-946CA9AB5875}.Debug|Any CPU.Build.0 = Debug|Any CPU
		{B21C2F86-F13E-4A92-BA88-946CA9AB5875}.Release|Any CPU.ActiveCfg = Release|Any CPU
		{B21C2F86-F13E-4A92-BA88-946CA9AB5875}.Release|Any CPU.Build.0 = Release|Any CPU
	EndGlobalSection
	GlobalSection(SolutionProperties) = preSolution
		HideSolutionNode = FALSE
	EndGlobalSection
	GlobalSection(ExtensibilityGlobals) = postSolution
		SolutionGuid = {7CBF0C77-9408-443B-A42D-4B53FFFD9FE9}
	EndGlobalSection
EndGlobal
