
Microsoft Visual Studio Solution File, Format Version 12.00
# Visual Studio 15
VisualStudioVersion = 15.0.28307.329
MinimumVisualStudioVersion = 10.0.40219.1
Project("{FAE04EC0-301F-11D3-BF4B-00C04F79EFBC}") = "FroggySquad", "FroggySquad\FroggySquad.csproj", "{AC51EE5C-FC59-4D7A-B199-688CDA2B059A}"
EndProject
Global
	GlobalSection(SolutionConfigurationPlatforms) = preSolution
		Debug|Any CPU = Debug|Any CPU
		Release|Any CPU = Release|Any CPU
	EndGlobalSection
	GlobalSection(ProjectConfigurationPlatforms) = postSolution
		{AC51EE5C-FC59-4D7A-B199-688CDA2B059A}.Debug|Any CPU.ActiveCfg = Debug|Any CPU
		{AC51EE5C-FC59-4D7A-B199-688CDA2B059A}.Debug|Any CPU.Build.0 = Debug|Any CPU
		{AC51EE5C-FC59-4D7A-B199-688CDA2B059A}.Release|Any CPU.ActiveCfg = Release|Any CPU
		{AC51EE5C-FC59-4D7A-B199-688CDA2B059A}.Release|Any CPU.Build.0 = Release|Any CPU
	EndGlobalSection
	GlobalSection(SolutionProperties) = preSolution
		HideSolutionNode = FALSE
	EndGlobalSection
	GlobalSection(ExtensibilityGlobals) = postSolution
		SolutionGuid = {39AEFBB2-79C4-4446-A2F8-868B3B723F7A}
	EndGlobalSection
EndGlobal
